<dec f='qtbase-6.5.0/src/testlib/3rdparty/linux_perf_event_p.h' l='562' type='__u32'/>
<offset>64</offset>
<doc f='qtbase-6.5.0/src/testlib/3rdparty/linux_perf_event_p.h' l='527'>/*
	 * Bits needed to read the hw events in user-space.
	 *
	 *   u32 seq, time_mult, time_shift, index, width;
	 *   u64 count, enabled, running;
	 *   u64 cyc, time_offset;
	 *   s64 pmc = 0;
	 *
	 *   do {
	 *     seq = pc-&gt;lock;
	 *     barrier()
	 *
	 *     enabled = pc-&gt;time_enabled;
	 *     running = pc-&gt;time_running;
	 *
	 *     if (pc-&gt;cap_usr_time &amp;&amp; enabled != running) {
	 *       cyc = rdtsc();
	 *       time_offset = pc-&gt;time_offset;
	 *       time_mult   = pc-&gt;time_mult;
	 *       time_shift  = pc-&gt;time_shift;
	 *     }
	 *
	 *     index = pc-&gt;index;
	 *     count = pc-&gt;offset;
	 *     if (pc-&gt;cap_user_rdpmc &amp;&amp; index) {
	 *       width = pc-&gt;pmc_width;
	 *       pmc = rdpmc(index - 1);
	 *     }
	 *
	 *     barrier();
	 *   } while (pc-&gt;lock != seq);
	 *
	 * NOTE: for obvious reason this only works on self-monitoring
	 *       processes.
	 */</doc>
<doc f='qtbase-6.5.0/src/testlib/3rdparty/linux_perf_event_p.h' l='562'>/* seqlock for synchronization */</doc>
