<dec f='qtbase-6.5.0/src/corelib/io/qabstractfileengine.cpp' l='892' type='QDir::Filters'/>
<use f='qtbase-6.5.0/src/corelib/io/qabstractfileengine.cpp' l='906' u='w' c='_ZN27QAbstractFileEngineIteratorC1E6QFlagsIN4QDir6FilterEERK5QListI7QStringE'/>
<use f='qtbase-6.5.0/src/corelib/io/qabstractfileengine.cpp' l='957' u='r' c='_ZNK27QAbstractFileEngineIterator7filtersEv'/>
<offset>192</offset>
