<dec f='qtbase-6.5.0/src/dbus/qdbusconnection_p.h' l='302' type='QReadWriteLock'/>
<offset>1344</offset>
<doc f='qtbase-6.5.0/src/dbus/qdbusconnection_p.h' l='301'>// the master lock protects our own internal state</doc>
<use f='qtbase-6.5.0/src/dbus/qdbusthreaddebug_p.h' l='100' u='m' c='_ZN15QDBusReadLockerC1E12ThreadActionP22QDBusConnectionPrivate'/>
<use f='qtbase-6.5.0/src/dbus/qdbusthreaddebug_p.h' l='107' u='m' c='_ZN15QDBusReadLockerD1Ev'/>
<use f='qtbase-6.5.0/src/dbus/qdbusthreaddebug_p.h' l='120' u='m' c='_ZN16QDBusWriteLockerC1E12ThreadActionP22QDBusConnectionPrivate'/>
<use f='qtbase-6.5.0/src/dbus/qdbusthreaddebug_p.h' l='127' u='m' c='_ZN16QDBusWriteLockerD1Ev'/>
<use f='qtbase-6.5.0/src/dbus/qdbusintegrator.cpp' l='297' u='a' c='_ZL18qDBusNewConnectionP10DBusServerP14DBusConnectionPv'/>
<use f='qtbase-6.5.0/src/dbus/qdbusintegrator.cpp' l='2553' u='a' c='_ZN22QDBusConnectionPrivate12getNameOwnerERK7QString'/>
<use f='qtbase-6.5.0/src/dbus/qdbusserver.cpp' l='82' u='a' c='_ZN11QDBusServerD1Ev'/>
