<dec f='qtbase-6.5.0/src/corelib/io/qdir_p.h' l='65' type='QDir::Filters'/>
<use f='qtbase-6.5.0/src/corelib/io/qdir.cpp' l='85' u='w' c='_ZN11QDirPrivateC1ERK7QStringRK5QListIS0_E6QFlagsIN4QDir8SortFlagEES7_INS8_6FilterEE'/>
<use f='qtbase-6.5.0/src/corelib/io/qdir.cpp' l='100' u='w' c='_ZN11QDirPrivateC1ERKS_'/>
<use f='qtbase-6.5.0/src/corelib/io/qdir.cpp' l='100' u='r' c='_ZN11QDirPrivateC1ERKS_'/>
<use f='qtbase-6.5.0/src/corelib/io/qdir.cpp' l='1132' u='r' c='_ZNK4QDir6filterEv'/>
<use f='qtbase-6.5.0/src/corelib/io/qdir.cpp' l='1214' u='w' c='_ZN4QDir9setFilterE6QFlagsINS_6FilterEE'/>
<use f='qtbase-6.5.0/src/corelib/io/qdir.cpp' l='1377' u='r' c='_ZNK4QDir9entryListERK5QListI7QStringE6QFlagsINS_6FilterEES5_INS_8SortFlagEE'/>
<use f='qtbase-6.5.0/src/corelib/io/qdir.cpp' l='1381' u='r' c='_ZNK4QDir9entryListERK5QListI7QStringE6QFlagsINS_6FilterEES5_INS_8SortFlagEE'/>
<use f='qtbase-6.5.0/src/corelib/io/qdir.cpp' l='1417' u='r' c='_ZNK4QDir13entryInfoListERK5QListI7QStringE6QFlagsINS_6FilterEES5_INS_8SortFlagEE'/>
<use f='qtbase-6.5.0/src/corelib/io/qdir.cpp' l='1421' u='r' c='_ZNK4QDir13entryInfoListERK5QListI7QStringE6QFlagsINS_6FilterEES5_INS_8SortFlagEE'/>
<use f='qtbase-6.5.0/src/corelib/io/qdir.cpp' l='1784' u='r' c='_ZNK4QDireqERKS_'/>
<use f='qtbase-6.5.0/src/corelib/io/qdir.cpp' l='1784' u='r' c='_ZNK4QDireqERKS_'/>
<offset>672</offset>
<use f='qtbase-6.5.0/src/corelib/io/qdiriterator.cpp' l='385' u='r' c='_ZN12QDirIteratorC1ERK4QDir6QFlagsINS_12IteratorFlagEE'/>
