<dec f='qtbase-6.5.0/src/corelib/io/qdiriterator.cpp' l='107' type='const QDir::Filters'/>
<use f='qtbase-6.5.0/src/corelib/io/qdiriterator.cpp' l='133' u='w' c='_ZN19QDirIteratorPrivateC1ERK16QFileSystemEntryRK5QListI7QStringE6QFlagsIN4QDir6FilterEES8_IN12QDirIterator12IteratorFlagEEb'/>
<use f='qtbase-6.5.0/src/corelib/io/qdiriterator.cpp' l='139' u='m' c='_ZN19QDirIteratorPrivateC1ERK16QFileSystemEntryRK5QListI7QStringE6QFlagsIN4QDir6FilterEES8_IN12QDirIterator12IteratorFlagEEb'/>
<use f='qtbase-6.5.0/src/corelib/io/qdiriterator.cpp' l='174' u='r' c='_ZN19QDirIteratorPrivate13pushDirectoryERK9QFileInfo'/>
<use f='qtbase-6.5.0/src/corelib/io/qdiriterator.cpp' l='184' u='r' c='_ZN19QDirIteratorPrivate13pushDirectoryERK9QFileInfo'/>
<use f='qtbase-6.5.0/src/corelib/io/qdiriterator.cpp' l='274' u='m' c='_ZN19QDirIteratorPrivate21checkAndPushDirectoryERK9QFileInfo'/>
<use f='qtbase-6.5.0/src/corelib/io/qdiriterator.cpp' l='274' u='m' c='_ZN19QDirIteratorPrivate21checkAndPushDirectoryERK9QFileInfo'/>
<use f='qtbase-6.5.0/src/corelib/io/qdiriterator.cpp' l='301' u='m' c='_ZNK19QDirIteratorPrivate14matchesFiltersERK7QStringRK9QFileInfo'/>
<use f='qtbase-6.5.0/src/corelib/io/qdiriterator.cpp' l='303' u='m' c='_ZNK19QDirIteratorPrivate14matchesFiltersERK7QStringRK9QFileInfo'/>
<use f='qtbase-6.5.0/src/corelib/io/qdiriterator.cpp' l='309' u='m' c='_ZNK19QDirIteratorPrivate14matchesFiltersERK7QStringRK9QFileInfo'/>
<use f='qtbase-6.5.0/src/corelib/io/qdiriterator.cpp' l='322' u='m' c='_ZNK19QDirIteratorPrivate14matchesFiltersERK7QStringRK9QFileInfo'/>
<use f='qtbase-6.5.0/src/corelib/io/qdiriterator.cpp' l='323' u='m' c='_ZNK19QDirIteratorPrivate14matchesFiltersERK7QStringRK9QFileInfo'/>
<use f='qtbase-6.5.0/src/corelib/io/qdiriterator.cpp' l='331' u='m' c='_ZNK19QDirIteratorPrivate14matchesFiltersERK7QStringRK9QFileInfo'/>
<use f='qtbase-6.5.0/src/corelib/io/qdiriterator.cpp' l='341' u='m' c='_ZNK19QDirIteratorPrivate14matchesFiltersERK7QStringRK9QFileInfo'/>
<use f='qtbase-6.5.0/src/corelib/io/qdiriterator.cpp' l='346' u='m' c='_ZNK19QDirIteratorPrivate14matchesFiltersERK7QStringRK9QFileInfo'/>
<use f='qtbase-6.5.0/src/corelib/io/qdiriterator.cpp' l='352' u='m' c='_ZNK19QDirIteratorPrivate14matchesFiltersERK7QStringRK9QFileInfo'/>
<use f='qtbase-6.5.0/src/corelib/io/qdiriterator.cpp' l='353' u='m' c='_ZNK19QDirIteratorPrivate14matchesFiltersERK7QStringRK9QFileInfo'/>
<use f='qtbase-6.5.0/src/corelib/io/qdiriterator.cpp' l='354' u='m' c='_ZNK19QDirIteratorPrivate14matchesFiltersERK7QStringRK9QFileInfo'/>
<use f='qtbase-6.5.0/src/corelib/io/qdiriterator.cpp' l='355' u='m' c='_ZNK19QDirIteratorPrivate14matchesFiltersERK7QStringRK9QFileInfo'/>
<use f='qtbase-6.5.0/src/corelib/io/qdiriterator.cpp' l='356' u='m' c='_ZNK19QDirIteratorPrivate14matchesFiltersERK7QStringRK9QFileInfo'/>
<offset>704</offset>
