<dec f='qtbase-6.5.0/src/gui/kernel/qplatformdialoghelper.cpp' l='437' type='QDir::Filters'/>
<use f='qtbase-6.5.0/src/gui/kernel/qplatformdialoghelper.cpp' l='513' u='r' c='_ZNK18QFileDialogOptions6filterEv'/>
<use f='qtbase-6.5.0/src/gui/kernel/qplatformdialoghelper.cpp' l='518' u='w' c='_ZN18QFileDialogOptions9setFilterE6QFlagsIN4QDir6FilterEE'/>
<offset>1344</offset>
