<use f='qtbase-6.5.0/src/widgets/widgets/qfontcombobox.cpp' l='150' u='w' c='_ZN20QFontComboBoxPrivateC1Ev'/>
<dec f='qtbase-6.5.0/src/widgets/widgets/qfontcombobox.cpp' l='152' type='QFontComboBox::FontFilters'/>
<use f='qtbase-6.5.0/src/widgets/widgets/qfontcombobox.cpp' l='310' u='m' c='_ZN20QFontComboBoxPrivate14_q_updateModelEv'/>
<use f='qtbase-6.5.0/src/widgets/widgets/qfontcombobox.cpp' l='310' u='m' c='_ZN20QFontComboBoxPrivate14_q_updateModelEv'/>
<use f='qtbase-6.5.0/src/widgets/widgets/qfontcombobox.cpp' l='311' u='m' c='_ZN20QFontComboBoxPrivate14_q_updateModelEv'/>
<use f='qtbase-6.5.0/src/widgets/widgets/qfontcombobox.cpp' l='314' u='m' c='_ZN20QFontComboBoxPrivate14_q_updateModelEv'/>
<use f='qtbase-6.5.0/src/widgets/widgets/qfontcombobox.cpp' l='314' u='m' c='_ZN20QFontComboBoxPrivate14_q_updateModelEv'/>
<use f='qtbase-6.5.0/src/widgets/widgets/qfontcombobox.cpp' l='315' u='m' c='_ZN20QFontComboBoxPrivate14_q_updateModelEv'/>
<use f='qtbase-6.5.0/src/widgets/widgets/qfontcombobox.cpp' l='471' u='w' c='_ZN13QFontComboBox14setFontFiltersE6QFlagsINS_10FontFilterEE'/>
<use f='qtbase-6.5.0/src/widgets/widgets/qfontcombobox.cpp' l='478' u='r' c='_ZNK13QFontComboBox11fontFiltersEv'/>
<offset>5792</offset>
