<dec f='qtbase-6.5.0/src/corelib/time/qcalendar.cpp' l='52' type='QReadWriteLock'/>
<use f='qtbase-6.5.0/src/corelib/time/qcalendar.cpp' l='155' u='a' c='_ZN9QtPrivate17QCalendarRegistryD1Ev'/>
<use f='qtbase-6.5.0/src/corelib/time/qcalendar.cpp' l='182' u='a' c='_ZN9QtPrivate17QCalendarRegistry21registerCustomBackendEP16QCalendarBackendRK5QListI7QStringE'/>
<use f='qtbase-6.5.0/src/corelib/time/qcalendar.cpp' l='199' u='a' c='_ZN9QtPrivate17QCalendarRegistry15ensurePopulatedEv'/>
<use f='qtbase-6.5.0/src/corelib/time/qcalendar.cpp' l='329' u='a' c='_ZN9QtPrivate17QCalendarRegistry18availableCalendarsEv'/>
<use f='qtbase-6.5.0/src/corelib/time/qcalendar.cpp' l='346' u='a' c='_ZN9QtPrivate17QCalendarRegistry8fromNameE14QAnyStringView'/>
<use f='qtbase-6.5.0/src/corelib/time/qcalendar.cpp' l='361' u='a' c='_ZN9QtPrivate17QCalendarRegistry9fromIndexEm'/>
<use f='qtbase-6.5.0/src/corelib/time/qcalendar.cpp' l='394' u='a' c='_ZN9QtPrivate17QCalendarRegistry8fromEnumEN9QCalendar6SystemE'/>
<use f='qtbase-6.5.0/src/corelib/time/qcalendar.cpp' l='400' u='a' c='_ZN9QtPrivate17QCalendarRegistry8fromEnumEN9QCalendar6SystemE'/>
<offset>0</offset>
<doc f='qtbase-6.5.0/src/corelib/time/qcalendar.cpp' l='49'>/*
        Lock protecting the registry from concurrent modification.
    */</doc>
